
Microsoft Visual Studio Solution File, Format Version 12.00
# Visual Studio 15
VisualStudioVersion = 15.0.26430.6
MinimumVisualStudioVersion = 10.0.40219.1
Project("{FAE04EC0-301F-11D3-BF4B-00C04F79EFBC}") = "OrganizeInsertOptionsRules", "OrganizeInsertOptionsRules\OrganizeInsertOptionsRules.csproj", "{FD67CAF6-8ADF-4635-84B0-2912239FDBFE}"
EndProject
Project("{2150E333-8FDC-42A3-9474-1A3956D46DE8}") = ".config", ".config", "{8E24BEF1-D2E4-4D80-B517-7A5251797B21}"
	ProjectSection(SolutionItems) = preProject
		.gitattributes = .gitattributes
		.gitignore = .gitignore
	EndProjectSection
EndProject
Global
	GlobalSection(SolutionConfigurationPlatforms) = preSolution
		Debug|Any CPU = Debug|Any CPU
		Release|Any CPU = Release|Any CPU
	EndGlobalSection
	GlobalSection(ProjectConfigurationPlatforms) = postSolution
		{FD67CAF6-8ADF-4635-84B0-2912239FDBFE}.Debug|Any CPU.ActiveCfg = Debug|Any CPU
		{FD67CAF6-8ADF-4635-84B0-2912239FDBFE}.Debug|Any CPU.Build.0 = Debug|Any CPU
		{FD67CAF6-8ADF-4635-84B0-2912239FDBFE}.Release|Any CPU.ActiveCfg = Release|Any CPU
		{FD67CAF6-8ADF-4635-84B0-2912239FDBFE}.Release|Any CPU.Build.0 = Release|Any CPU
	EndGlobalSection
	GlobalSection(SolutionProperties) = preSolution
		HideSolutionNode = FALSE
	EndGlobalSection
EndGlobal
